
Microsoft Visual Studio Solution File, Format Version 12.00
# Visual Studio Version 17
VisualStudioVersion = 17.5.33424.131
MinimumVisualStudioVersion = 10.0.40219.1
Project("{9A19103F-16F7-4668-BE54-9A1E7A4F7556}") = "TonSdk.Core", "TonSdk.Core\src\TonSdk.Core.csproj", "{7F0C7FA3-D15D-4F83-BCC1-0EF5B19B94F5}"
EndProject
Project("{FAE04EC0-301F-11D3-BF4B-00C04F79EFBC}") = "TonSdk.Adnl", "TonSdk.Adnl\src\TonSdk.Adnl.csproj", "{98E0A2B9-4E4E-48D2-9FFE-DD9F1CC2AA08}"
EndProject
Project("{FAE04EC0-301F-11D3-BF4B-00C04F79EFBC}") = "TonSdk.Adnl.Tests", "TonSdk.Adnl\test\TonSdk.Adnl.Tests.csproj", "{69DD2D24-5D2E-4B03-B3B3-D661AD4B335C}"
EndProject
Global
	GlobalSection(SolutionConfigurationPlatforms) = preSolution
		Debug|Any CPU = Debug|Any CPU
		Release|Any CPU = Release|Any CPU
	EndGlobalSection
	GlobalSection(ProjectConfigurationPlatforms) = postSolution
		{7F0C7FA3-D15D-4F83-BCC1-0EF5B19B94F5}.Debug|Any CPU.ActiveCfg = Debug|Any CPU
		{7F0C7FA3-D15D-4F83-BCC1-0EF5B19B94F5}.Debug|Any CPU.Build.0 = Debug|Any CPU
		{7F0C7FA3-D15D-4F83-BCC1-0EF5B19B94F5}.Release|Any CPU.ActiveCfg = Release|Any CPU
		{7F0C7FA3-D15D-4F83-BCC1-0EF5B19B94F5}.Release|Any CPU.Build.0 = Release|Any CPU
		{98E0A2B9-4E4E-48D2-9FFE-DD9F1CC2AA08}.Debug|Any CPU.ActiveCfg = Debug|Any CPU
		{98E0A2B9-4E4E-48D2-9FFE-DD9F1CC2AA08}.Debug|Any CPU.Build.0 = Debug|Any CPU
		{98E0A2B9-4E4E-48D2-9FFE-DD9F1CC2AA08}.Release|Any CPU.ActiveCfg = Release|Any CPU
		{98E0A2B9-4E4E-48D2-9FFE-DD9F1CC2AA08}.Release|Any CPU.Build.0 = Release|Any CPU
		{69DD2D24-5D2E-4B03-B3B3-D661AD4B335C}.Debug|Any CPU.ActiveCfg = Debug|Any CPU
		{69DD2D24-5D2E-4B03-B3B3-D661AD4B335C}.Debug|Any CPU.Build.0 = Debug|Any CPU
		{69DD2D24-5D2E-4B03-B3B3-D661AD4B335C}.Release|Any CPU.ActiveCfg = Release|Any CPU
		{69DD2D24-5D2E-4B03-B3B3-D661AD4B335C}.Release|Any CPU.Build.0 = Release|Any CPU
	EndGlobalSection
	GlobalSection(SolutionProperties) = preSolution
		HideSolutionNode = FALSE
	EndGlobalSection
	GlobalSection(ExtensibilityGlobals) = postSolution
		SolutionGuid = {A42AB9BD-5D3A-4357-B5BD-C5ECC13A6E2A}
	EndGlobalSection
EndGlobal
